
Microsoft Visual Studio Solution File, Format Version 12.00
Project("{FAE04EC0-301F-11D3-BF4B-00C04F79EFBC}") = "Web1001Assignment", "Web1001Assignment\Web1001Assignment.csproj", "{20AE41F6-E2E8-4797-A8EB-C7A15B01B761}"
EndProject
Global
	GlobalSection(SolutionConfigurationPlatforms) = preSolution
		Debug|Any CPU = Debug|Any CPU
		Release|Any CPU = Release|Any CPU
	EndGlobalSection
	GlobalSection(ProjectConfigurationPlatforms) = postSolution
		{20AE41F6-E2E8-4797-A8EB-C7A15B01B761}.Debug|Any CPU.ActiveCfg = Debug|Any CPU
		{20AE41F6-E2E8-4797-A8EB-C7A15B01B761}.Debug|Any CPU.Build.0 = Debug|Any CPU
		{20AE41F6-E2E8-4797-A8EB-C7A15B01B761}.Release|Any CPU.ActiveCfg = Release|Any CPU
		{20AE41F6-E2E8-4797-A8EB-C7A15B01B761}.Release|Any CPU.Build.0 = Release|Any CPU
	EndGlobalSection
EndGlobal
